
Microsoft Visual Studio Solution File, Format Version 12.00
# Visual Studio 15
VisualStudioVersion = 15.0.27428.2027
MinimumVisualStudioVersion = 10.0.40219.1
Project("{FAE04EC0-301F-11D3-BF4B-00C04F79EFBC}") = "AbstractHotelModel", "AbstractHotelModel\AbstractHotelModel.csproj", "{E2011E27-5843-4F1E-ADC0-ECFDE49C177D}"
EndProject
Project("{FAE04EC0-301F-11D3-BF4B-00C04F79EFBC}") = "AbstracHotelService", "AbstracHotelService\AbstracHotelService.csproj", "{1E189B3C-57B8-4FF4-8C71-73555A032488}"
EndProject
Project("{FAE04EC0-301F-11D3-BF4B-00C04F79EFBC}") = "AbstractHotelRestApi", "AbstractHotelRestApi\AbstractHotelRestApi.csproj", "{4E01FB23-61EA-45FA-9217-CF7F3307CAA2}"
EndProject
Global
	GlobalSection(SolutionConfigurationPlatforms) = preSolution
		Debug|Any CPU = Debug|Any CPU
		Release|Any CPU = Release|Any CPU
	EndGlobalSection
	GlobalSection(ProjectConfigurationPlatforms) = postSolution
		{E2011E27-5843-4F1E-ADC0-ECFDE49C177D}.Debug|Any CPU.ActiveCfg = Debug|Any CPU
		{E2011E27-5843-4F1E-ADC0-ECFDE49C177D}.Debug|Any CPU.Build.0 = Debug|Any CPU
		{E2011E27-5843-4F1E-ADC0-ECFDE49C177D}.Release|Any CPU.ActiveCfg = Release|Any CPU
		{E2011E27-5843-4F1E-ADC0-ECFDE49C177D}.Release|Any CPU.Build.0 = Release|Any CPU
		{1E189B3C-57B8-4FF4-8C71-73555A032488}.Debug|Any CPU.ActiveCfg = Debug|Any CPU
		{1E189B3C-57B8-4FF4-8C71-73555A032488}.Debug|Any CPU.Build.0 = Debug|Any CPU
		{1E189B3C-57B8-4FF4-8C71-73555A032488}.Release|Any CPU.ActiveCfg = Release|Any CPU
		{1E189B3C-57B8-4FF4-8C71-73555A032488}.Release|Any CPU.Build.0 = Release|Any CPU
		{4E01FB23-61EA-45FA-9217-CF7F3307CAA2}.Debug|Any CPU.ActiveCfg = Debug|Any CPU
		{4E01FB23-61EA-45FA-9217-CF7F3307CAA2}.Debug|Any CPU.Build.0 = Debug|Any CPU
		{4E01FB23-61EA-45FA-9217-CF7F3307CAA2}.Release|Any CPU.ActiveCfg = Release|Any CPU
		{4E01FB23-61EA-45FA-9217-CF7F3307CAA2}.Release|Any CPU.Build.0 = Release|Any CPU
	EndGlobalSection
	GlobalSection(SolutionProperties) = preSolution
		HideSolutionNode = FALSE
	EndGlobalSection
	GlobalSection(ExtensibilityGlobals) = postSolution
		SolutionGuid = {A3FE87B3-DEEA-41BF-92B8-41599591ACDC}
	EndGlobalSection
EndGlobal
